
Microsoft Visual Studio Solution File, Format Version 12.00
# Visual Studio Version 17
VisualStudioVersion = 17.0.31903.59
MinimumVisualStudioVersion = 10.0.40219.1
Project("{FAE04EC0-301F-11D3-BF4B-00C04F79EFBC}") = "FreshBytes.Contracts", "FreshBytes.Contracts\FreshBytes.Contracts.csproj", "{393028B5-2771-4F59-8864-C3B080905A2D}"
EndProject
Project("{FAE04EC0-301F-11D3-BF4B-00C04F79EFBC}") = "FreshBytes", "FreshBytes\FreshBytes.csproj", "{F8598C2E-6D8D-4DE3-8702-4DB5FB1EB9E5}"
EndProject
Global
	GlobalSection(SolutionConfigurationPlatforms) = preSolution
		Debug|Any CPU = Debug|Any CPU
		Release|Any CPU = Release|Any CPU
	EndGlobalSection
	GlobalSection(SolutionProperties) = preSolution
		HideSolutionNode = FALSE
	EndGlobalSection
	GlobalSection(ProjectConfigurationPlatforms) = postSolution
		{393028B5-2771-4F59-8864-C3B080905A2D}.Debug|Any CPU.ActiveCfg = Debug|Any CPU
		{393028B5-2771-4F59-8864-C3B080905A2D}.Debug|Any CPU.Build.0 = Debug|Any CPU
		{393028B5-2771-4F59-8864-C3B080905A2D}.Release|Any CPU.ActiveCfg = Release|Any CPU
		{393028B5-2771-4F59-8864-C3B080905A2D}.Release|Any CPU.Build.0 = Release|Any CPU
		{F8598C2E-6D8D-4DE3-8702-4DB5FB1EB9E5}.Debug|Any CPU.ActiveCfg = Debug|Any CPU
		{F8598C2E-6D8D-4DE3-8702-4DB5FB1EB9E5}.Debug|Any CPU.Build.0 = Debug|Any CPU
		{F8598C2E-6D8D-4DE3-8702-4DB5FB1EB9E5}.Release|Any CPU.ActiveCfg = Release|Any CPU
		{F8598C2E-6D8D-4DE3-8702-4DB5FB1EB9E5}.Release|Any CPU.Build.0 = Release|Any CPU
	EndGlobalSection
EndGlobal
